Microsoft Visual Studio Solution File, Format Version 12.00
# Visual Studio Version 17
VisualStudioVersion = 17.5.2.0
MinimumVisualStudioVersion = 10.0.40219.1
Project("{FAE04EC0-301F-11D3-BF4B-00C04F79EFBC}") = "comp1210", "comp1210.csproj", "{53BC78BC-050E-7939-2E6D-EB48CCAE3C50}"
EndProject
Global
	GlobalSection(SolutionConfigurationPlatforms) = preSolution
		Debug|Any CPU = Debug|Any CPU
		Release|Any CPU = Release|Any CPU
	EndGlobalSection
	GlobalSection(ProjectConfigurationPlatforms) = postSolution
		{53BC78BC-050E-7939-2E6D-EB48CCAE3C50}.Debug|Any CPU.ActiveCfg = Debug|Any CPU
		{53BC78BC-050E-7939-2E6D-EB48CCAE3C50}.Debug|Any CPU.Build.0 = Debug|Any CPU
		{53BC78BC-050E-7939-2E6D-EB48CCAE3C50}.Release|Any CPU.ActiveCfg = Release|Any CPU
		{53BC78BC-050E-7939-2E6D-EB48CCAE3C50}.Release|Any CPU.Build.0 = Release|Any CPU
	EndGlobalSection
	GlobalSection(SolutionProperties) = preSolution
		HideSolutionNode = FALSE
	EndGlobalSection
	GlobalSection(ExtensibilityGlobals) = postSolution
		SolutionGuid = {B4DA45F3-04F8-4C91-A77E-B16EAA799B05}
	EndGlobalSection
EndGlobal
